
Microsoft Visual Studio Solution File, Format Version 12.00
# Visual Studio Version 17
VisualStudioVersion = 17.14.36109.1 d17.14
MinimumVisualStudioVersion = 10.0.40219.1
Project("{FAE04EC0-301F-11D3-BF4B-00C04F79EFBC}") = "InvoiceApp", "InvoiceApp\InvoiceApp.csproj", "{DD66565A-B348-417E-A9F4-2738215A5729}"
EndProject
Global
	GlobalSection(SolutionConfigurationPlatforms) = preSolution
		Debug|Any CPU = Debug|Any CPU
		Release|Any CPU = Release|Any CPU
	EndGlobalSection
	GlobalSection(ProjectConfigurationPlatforms) = postSolution
		{DD66565A-B348-417E-A9F4-2738215A5729}.Debug|Any CPU.ActiveCfg = Debug|Any CPU
		{DD66565A-B348-417E-A9F4-2738215A5729}.Debug|Any CPU.Build.0 = Debug|Any CPU
		{DD66565A-B348-417E-A9F4-2738215A5729}.Release|Any CPU.ActiveCfg = Release|Any CPU
		{DD66565A-B348-417E-A9F4-2738215A5729}.Release|Any CPU.Build.0 = Release|Any CPU
	EndGlobalSection
	GlobalSection(SolutionProperties) = preSolution
		HideSolutionNode = FALSE
	EndGlobalSection
	GlobalSection(ExtensibilityGlobals) = postSolution
		SolutionGuid = {ED22C701-6725-42CE-81F3-E63C9F36E432}
	EndGlobalSection
EndGlobal
